
Microsoft Visual Studio Solution File, Format Version 12.00
# Visual Studio Version 17
VisualStudioVersion = 17.3.32922.545
MinimumVisualStudioVersion = 10.0.40219.1
Project("{9A19103F-16F7-4668-BE54-9A1E7A4F7556}") = "fiskaltrust.Launcher", "src\fiskaltrust.Launcher\fiskaltrust.Launcher.csproj", "{44D54860-C3A5-4E24-AF06-1DFD6ADD8B1B}"
EndProject
Project("{2150E333-8FDC-42A3-9474-1A3956D46DE8}") = "src", "src", "{07DBDA43-B1C9-4A50-8721-8A2D3CC3506F}"
EndProject
Project("{9A19103F-16F7-4668-BE54-9A1E7A4F7556}") = "fiskaltrust.LauncherUpdater", "src\fiskaltrust.LauncherUpdater\fiskaltrust.LauncherUpdater.csproj", "{9250B3D3-AB87-4CFA-9454-48E264C413DB}"
EndProject
Project("{9A19103F-16F7-4668-BE54-9A1E7A4F7556}") = "fiskaltrust.Launcher.Common", "src\fiskaltrust.Launcher.Common\fiskaltrust.Launcher.Common.csproj", "{341FBE24-AE72-47BA-ACB6-FC3CA85544E9}"
EndProject
Project("{2150E333-8FDC-42A3-9474-1A3956D46DE8}") = "test", "test", "{84733EDD-4700-4F1C-967E-8F802013304D}"
EndProject
Project("{9A19103F-16F7-4668-BE54-9A1E7A4F7556}") = "fiskaltrust.Launcher.IntegrationTest", "test\fiskaltrust.Launcher.IntegrationTest\fiskaltrust.Launcher.IntegrationTest.csproj", "{F90BE105-2B84-4CEC-8E9C-C8671E011F21}"
EndProject
Project("{9A19103F-16F7-4668-BE54-9A1E7A4F7556}") = "ConsolePlaceholder", "test\ConsolePlaceholder\ConsolePlaceholder.csproj", "{FF1A6C2B-F24D-4D79-AEBB-DAA379F4CCF6}"
EndProject
Project("{FAE04EC0-301F-11D3-BF4B-00C04F79EFBC}") = "Testabort", "test\Testabort\Testabort.csproj", "{5B9EC99E-FB24-40E1-9651-2F57C73C8D80}"
EndProject
Project("{FAE04EC0-301F-11D3-BF4B-00C04F79EFBC}") = "fiskaltrust.Launcher.UnitTests", "test\fiskaltrust.Launcher.UnitTests\fiskaltrust.Launcher.UnitTests.csproj", "{E05B25F6-5B98-4C91-9614-5CB7755FE0FE}"
EndProject
Global
	GlobalSection(SolutionConfigurationPlatforms) = preSolution
		Debug|Any CPU = Debug|Any CPU
		Release|Any CPU = Release|Any CPU
	EndGlobalSection
	GlobalSection(ProjectConfigurationPlatforms) = postSolution
		{44D54860-C3A5-4E24-AF06-1DFD6ADD8B1B}.Debug|Any CPU.ActiveCfg = Debug|Any CPU
		{44D54860-C3A5-4E24-AF06-1DFD6ADD8B1B}.Debug|Any CPU.Build.0 = Debug|Any CPU
		{44D54860-C3A5-4E24-AF06-1DFD6ADD8B1B}.Release|Any CPU.ActiveCfg = Release|Any CPU
		{44D54860-C3A5-4E24-AF06-1DFD6ADD8B1B}.Release|Any CPU.Build.0 = Release|Any CPU
		{9250B3D3-AB87-4CFA-9454-48E264C413DB}.Debug|Any CPU.ActiveCfg = Debug|Any CPU
		{9250B3D3-AB87-4CFA-9454-48E264C413DB}.Debug|Any CPU.Build.0 = Debug|Any CPU
		{9250B3D3-AB87-4CFA-9454-48E264C413DB}.Release|Any CPU.ActiveCfg = Release|Any CPU
		{9250B3D3-AB87-4CFA-9454-48E264C413DB}.Release|Any CPU.Build.0 = Release|Any CPU
		{341FBE24-AE72-47BA-ACB6-FC3CA85544E9}.Debug|Any CPU.ActiveCfg = Debug|Any CPU
		{341FBE24-AE72-47BA-ACB6-FC3CA85544E9}.Debug|Any CPU.Build.0 = Debug|Any CPU
		{341FBE24-AE72-47BA-ACB6-FC3CA85544E9}.Release|Any CPU.ActiveCfg = Release|Any CPU
		{341FBE24-AE72-47BA-ACB6-FC3CA85544E9}.Release|Any CPU.Build.0 = Release|Any CPU
		{F90BE105-2B84-4CEC-8E9C-C8671E011F21}.Debug|Any CPU.ActiveCfg = Debug|Any CPU
		{F90BE105-2B84-4CEC-8E9C-C8671E011F21}.Debug|Any CPU.Build.0 = Debug|Any CPU
		{F90BE105-2B84-4CEC-8E9C-C8671E011F21}.Release|Any CPU.ActiveCfg = Release|Any CPU
		{F90BE105-2B84-4CEC-8E9C-C8671E011F21}.Release|Any CPU.Build.0 = Release|Any CPU
		{FF1A6C2B-F24D-4D79-AEBB-DAA379F4CCF6}.Debug|Any CPU.ActiveCfg = Debug|Any CPU
		{FF1A6C2B-F24D-4D79-AEBB-DAA379F4CCF6}.Debug|Any CPU.Build.0 = Debug|Any CPU
		{FF1A6C2B-F24D-4D79-AEBB-DAA379F4CCF6}.Release|Any CPU.ActiveCfg = Release|Any CPU
		{FF1A6C2B-F24D-4D79-AEBB-DAA379F4CCF6}.Release|Any CPU.Build.0 = Release|Any CPU
		{5B9EC99E-FB24-40E1-9651-2F57C73C8D80}.Debug|Any CPU.ActiveCfg = Debug|Any CPU
		{5B9EC99E-FB24-40E1-9651-2F57C73C8D80}.Debug|Any CPU.Build.0 = Debug|Any CPU
		{5B9EC99E-FB24-40E1-9651-2F57C73C8D80}.Release|Any CPU.ActiveCfg = Release|Any CPU
		{5B9EC99E-FB24-40E1-9651-2F57C73C8D80}.Release|Any CPU.Build.0 = Release|Any CPU
		{E05B25F6-5B98-4C91-9614-5CB7755FE0FE}.Debug|Any CPU.ActiveCfg = Debug|Any CPU
		{E05B25F6-5B98-4C91-9614-5CB7755FE0FE}.Debug|Any CPU.Build.0 = Debug|Any CPU
		{E05B25F6-5B98-4C91-9614-5CB7755FE0FE}.Release|Any CPU.ActiveCfg = Release|Any CPU
		{E05B25F6-5B98-4C91-9614-5CB7755FE0FE}.Release|Any CPU.Build.0 = Release|Any CPU
	EndGlobalSection
	GlobalSection(SolutionProperties) = preSolution
		HideSolutionNode = FALSE
	EndGlobalSection
	GlobalSection(NestedProjects) = preSolution
		{9250B3D3-AB87-4CFA-9454-48E264C413DB} = {07DBDA43-B1C9-4A50-8721-8A2D3CC3506F}
		{341FBE24-AE72-47BA-ACB6-FC3CA85544E9} = {07DBDA43-B1C9-4A50-8721-8A2D3CC3506F}
		{F90BE105-2B84-4CEC-8E9C-C8671E011F21} = {84733EDD-4700-4F1C-967E-8F802013304D}
		{FF1A6C2B-F24D-4D79-AEBB-DAA379F4CCF6} = {84733EDD-4700-4F1C-967E-8F802013304D}
		{5B9EC99E-FB24-40E1-9651-2F57C73C8D80} = {84733EDD-4700-4F1C-967E-8F802013304D}
		{E05B25F6-5B98-4C91-9614-5CB7755FE0FE} = {84733EDD-4700-4F1C-967E-8F802013304D}
	EndGlobalSection
	GlobalSection(ExtensibilityGlobals) = postSolution
		SolutionGuid = {80A5E550-1883-43C4-A7BE-9ABD328C8CC4}
	EndGlobalSection
EndGlobal
